
Microsoft Visual Studio Solution File, Format Version 12.00
# Visual Studio 14
VisualStudioVersion = 14.0.23107.0
MinimumVisualStudioVersion = 10.0.40219.1
Project("{FAE04EC0-301F-11D3-BF4B-00C04F79EFBC}") = "Lab1AbstractClassesProperties", "Lab1-AbstractClasses-Properties\Lab1AbstractClassesProperties.csproj", "{651F5E63-6512-4EDA-98D9-4B8F7AA9399D}"
EndProject
Project("{FAE04EC0-301F-11D3-BF4B-00C04F79EFBC}") = "Polymorphism", "Polymorphism\Polymorphism.csproj", "{56B18EA2-2D9E-4CC8-9C86-5AB7A46ED73E}"
EndProject
Project("{FAE04EC0-301F-11D3-BF4B-00C04F79EFBC}") = "Interfaces", "Interfaces\Interfaces.csproj", "{238A1D87-F4DC-452A-B470-36F0F15B6ED8}"
EndProject
Project("{FAE04EC0-301F-11D3-BF4B-00C04F79EFBC}") = "ExceptionsAndIndexers", "Exceptions-and-Indexers\ExceptionsAndIndexers.csproj", "{997C3923-EFFD-41CA-A05E-EDCEB2247ABB}"
EndProject
Global
	GlobalSection(SolutionConfigurationPlatforms) = preSolution
		Debug|Any CPU = Debug|Any CPU
		Release|Any CPU = Release|Any CPU
	EndGlobalSection
	GlobalSection(ProjectConfigurationPlatforms) = postSolution
		{651F5E63-6512-4EDA-98D9-4B8F7AA9399D}.Debug|Any CPU.ActiveCfg = Debug|Any CPU
		{651F5E63-6512-4EDA-98D9-4B8F7AA9399D}.Debug|Any CPU.Build.0 = Debug|Any CPU
		{651F5E63-6512-4EDA-98D9-4B8F7AA9399D}.Release|Any CPU.ActiveCfg = Release|Any CPU
		{651F5E63-6512-4EDA-98D9-4B8F7AA9399D}.Release|Any CPU.Build.0 = Release|Any CPU
		{56B18EA2-2D9E-4CC8-9C86-5AB7A46ED73E}.Debug|Any CPU.ActiveCfg = Debug|Any CPU
		{56B18EA2-2D9E-4CC8-9C86-5AB7A46ED73E}.Debug|Any CPU.Build.0 = Debug|Any CPU
		{56B18EA2-2D9E-4CC8-9C86-5AB7A46ED73E}.Release|Any CPU.ActiveCfg = Release|Any CPU
		{56B18EA2-2D9E-4CC8-9C86-5AB7A46ED73E}.Release|Any CPU.Build.0 = Release|Any CPU
		{238A1D87-F4DC-452A-B470-36F0F15B6ED8}.Debug|Any CPU.ActiveCfg = Debug|Any CPU
		{238A1D87-F4DC-452A-B470-36F0F15B6ED8}.Debug|Any CPU.Build.0 = Debug|Any CPU
		{238A1D87-F4DC-452A-B470-36F0F15B6ED8}.Release|Any CPU.ActiveCfg = Release|Any CPU
		{238A1D87-F4DC-452A-B470-36F0F15B6ED8}.Release|Any CPU.Build.0 = Release|Any CPU
		{997C3923-EFFD-41CA-A05E-EDCEB2247ABB}.Debug|Any CPU.ActiveCfg = Debug|Any CPU
		{997C3923-EFFD-41CA-A05E-EDCEB2247ABB}.Debug|Any CPU.Build.0 = Debug|Any CPU
		{997C3923-EFFD-41CA-A05E-EDCEB2247ABB}.Release|Any CPU.ActiveCfg = Release|Any CPU
		{997C3923-EFFD-41CA-A05E-EDCEB2247ABB}.Release|Any CPU.Build.0 = Release|Any CPU
	EndGlobalSection
	GlobalSection(SolutionProperties) = preSolution
		HideSolutionNode = FALSE
	EndGlobalSection
EndGlobal
