
Microsoft Visual Studio Solution File, Format Version 12.00
# Visual Studio 14
VisualStudioVersion = 14.0.23107.0
MinimumVisualStudioVersion = 10.0.40219.1
Project("{FAE04EC0-301F-11D3-BF4B-00C04F79EFBC}") = "Lab1AbstractClassesProperties", "Lab1-AbstractClasses-Properties\Lab1AbstractClassesProperties.csproj", "{651F5E63-6512-4EDA-98D9-4B8F7AA9399D}"
EndProject
Project("{FAE04EC0-301F-11D3-BF4B-00C04F79EFBC}") = "Polymorphism", "Polymorphism\Polymorphism.csproj", "{56B18EA2-2D9E-4CC8-9C86-5AB7A46ED73E}"
EndProject
Project("{FAE04EC0-301F-11D3-BF4B-00C04F79EFBC}") = "Interfaces", "Interfaces\Interfaces.csproj", "{238A1D87-F4DC-452A-B470-36F0F15B6ED8}"
EndProject
Project("{FAE04EC0-301F-11D3-BF4B-00C04F79EFBC}") = "ExceptionsAndIndexers", "Exceptions-and-Indexers\ExceptionsAndIndexers.csproj", "{997C3923-EFFD-41CA-A05E-EDCEB2247ABB}"
EndProject
Project("{FAE04EC0-301F-11D3-BF4B-00C04F79EFBC}") = "EnumsAndStructs", "EnumsAndStructs\EnumsAndStructs.csproj", "{AA03C3BF-5852-48AB-BA7B-474B8AB8562E}"
EndProject
Project("{FAE04EC0-301F-11D3-BF4B-00C04F79EFBC}") = "Delegates", "Delegates\Delegates.csproj", "{C3050B7D-67DA-422F-AFB8-4F06B6CF3C8C}"
EndProject
Project("{FAE04EC0-301F-11D3-BF4B-00C04F79EFBC}") = "CollectionsAndGenerics", "CollectionsAndGenerics\CollectionsAndGenerics.csproj", "{D81D2A50-7C22-421F-A018-2D790B2748A1}"
EndProject
Project("{FAE04EC0-301F-11D3-BF4B-00C04F79EFBC}") = "LINQ", "LINQ\LINQ.csproj", "{63853429-7446-4CA0-88F8-F38C106F8105}"
EndProject
Project("{FAE04EC0-301F-11D3-BF4B-00C04F79EFBC}") = "BankUnitTest", "BankUnitTest\BankUnitTest.csproj", "{A86F1828-EEA1-4BDB-A471-1B7B5E69FF44}"
EndProject
Project("{FAE04EC0-301F-11D3-BF4B-00C04F79EFBC}") = "BankUnitTesting", "BankUnitTesting\BankUnitTesting.csproj", "{18FF511C-593C-42FC-8981-DF082E6BC2B8}"
EndProject
Project("{FAE04EC0-301F-11D3-BF4B-00C04F79EFBC}") = "CSharpSampleExam1", "CSharpSampleExam1\CSharpSampleExam1.csproj", "{93D3B33A-AFF1-443B-A971-FB292795A443}"
EndProject
Project("{FAE04EC0-301F-11D3-BF4B-00C04F79EFBC}") = "CSharpSampleExam1UnitTest", "CSharpSampleExam1UnitTest\CSharpSampleExam1UnitTest.csproj", "{8C014A66-5C92-4C6B-9328-D182839BDC2D}"
EndProject
Project("{FAE04EC0-301F-11D3-BF4B-00C04F79EFBC}") = "CSharpSampleExam4", "CSharpSampleExam4\CSharpSampleExam4.csproj", "{5EB29532-F1A9-4211-AB51-78E31E9C4AD1}"
EndProject
Project("{FAE04EC0-301F-11D3-BF4B-00C04F79EFBC}") = "CSharpSampleExam4UnitTest", "CSharpSampleExam4UnitTest\CSharpSampleExam4UnitTest.csproj", "{9C9AEFE9-B8A0-4268-B5DF-9B6F2C4B68EB}"
EndProject
Project("{FAE04EC0-301F-11D3-BF4B-00C04F79EFBC}") = "MVCLab1", "MVCLab1\MVCLab1.csproj", "{B62AFBB3-8F13-4432-A9E7-A4F3E109E134}"
EndProject
Project("{FAE04EC0-301F-11D3-BF4B-00C04F79EFBC}") = "Class-Tutorial-MVC", "Class-Tutorial-MVC\Class-Tutorial-MVC.csproj", "{CF5DBB1D-8D0B-4AE2-AD27-3DA8342F6CD3}"
EndProject
Project("{CC5FD16D-436D-48AD-A40C-5A424C6E3E79}") = "Class-Tutorial-MVC.Azure", "Class-Tutorial-MVC.Azure\Class-Tutorial-MVC.Azure.ccproj", "{13524E00-C4E0-4A88-AE42-80E50B9FAF4D}"
EndProject
Project("{FAE04EC0-301F-11D3-BF4B-00C04F79EFBC}") = "MVCExercise1", "MVCExercise1\MVCExercise1.csproj", "{2969FBA1-4F32-48DA-883C-22B2E337C30F}"
EndProject
Project("{FAE04EC0-301F-11D3-BF4B-00C04F79EFBC}") = "MVCExercise2", "MVCExercise2\MVCExercise2.csproj", "{936CC7B7-4B6F-4A68-B9A0-DD91A51C3DCA}"
EndProject
Project("{FAE04EC0-301F-11D3-BF4B-00C04F79EFBC}") = "PhoneBookAPI", "PhoneBookAPI\PhoneBookAPI\PhoneBookAPI.csproj", "{71B7ACF9-355E-4C46-AF06-F60CAAB004CD}"
EndProject
Project("{FAE04EC0-301F-11D3-BF4B-00C04F79EFBC}") = "SMSServiceAPI", "SMSServiceAPI\SMSServiceAPI.csproj", "{8D37CA24-A1B2-4AA9-BAF9-5172827EE565}"
EndProject
Global
	GlobalSection(SolutionConfigurationPlatforms) = preSolution
		Debug|Any CPU = Debug|Any CPU
		Debug|ARM = Debug|ARM
		Debug|x64 = Debug|x64
		Debug|x86 = Debug|x86
		Release|Any CPU = Release|Any CPU
		Release|ARM = Release|ARM
		Release|x64 = Release|x64
		Release|x86 = Release|x86
	EndGlobalSection
	GlobalSection(ProjectConfigurationPlatforms) = postSolution
		{651F5E63-6512-4EDA-98D9-4B8F7AA9399D}.Debug|Any CPU.ActiveCfg = Debug|Any CPU
		{651F5E63-6512-4EDA-98D9-4B8F7AA9399D}.Debug|Any CPU.Build.0 = Debug|Any CPU
		{651F5E63-6512-4EDA-98D9-4B8F7AA9399D}.Debug|ARM.ActiveCfg = Debug|Any CPU
		{651F5E63-6512-4EDA-98D9-4B8F7AA9399D}.Debug|ARM.Build.0 = Debug|Any CPU
		{651F5E63-6512-4EDA-98D9-4B8F7AA9399D}.Debug|x64.ActiveCfg = Debug|Any CPU
		{651F5E63-6512-4EDA-98D9-4B8F7AA9399D}.Debug|x64.Build.0 = Debug|Any CPU
		{651F5E63-6512-4EDA-98D9-4B8F7AA9399D}.Debug|x86.ActiveCfg = Debug|Any CPU
		{651F5E63-6512-4EDA-98D9-4B8F7AA9399D}.Debug|x86.Build.0 = Debug|Any CPU
		{651F5E63-6512-4EDA-98D9-4B8F7AA9399D}.Release|Any CPU.ActiveCfg = Release|Any CPU
		{651F5E63-6512-4EDA-98D9-4B8F7AA9399D}.Release|Any CPU.Build.0 = Release|Any CPU
		{651F5E63-6512-4EDA-98D9-4B8F7AA9399D}.Release|ARM.ActiveCfg = Release|Any CPU
		{651F5E63-6512-4EDA-98D9-4B8F7AA9399D}.Release|ARM.Build.0 = Release|Any CPU
		{651F5E63-6512-4EDA-98D9-4B8F7AA9399D}.Release|x64.ActiveCfg = Release|Any CPU
		{651F5E63-6512-4EDA-98D9-4B8F7AA9399D}.Release|x64.Build.0 = Release|Any CPU
		{651F5E63-6512-4EDA-98D9-4B8F7AA9399D}.Release|x86.ActiveCfg = Release|Any CPU
		{651F5E63-6512-4EDA-98D9-4B8F7AA9399D}.Release|x86.Build.0 = Release|Any CPU
		{56B18EA2-2D9E-4CC8-9C86-5AB7A46ED73E}.Debug|Any CPU.ActiveCfg = Debug|Any CPU
		{56B18EA2-2D9E-4CC8-9C86-5AB7A46ED73E}.Debug|Any CPU.Build.0 = Debug|Any CPU
		{56B18EA2-2D9E-4CC8-9C86-5AB7A46ED73E}.Debug|ARM.ActiveCfg = Debug|Any CPU
		{56B18EA2-2D9E-4CC8-9C86-5AB7A46ED73E}.Debug|ARM.Build.0 = Debug|Any CPU
		{56B18EA2-2D9E-4CC8-9C86-5AB7A46ED73E}.Debug|x64.ActiveCfg = Debug|Any CPU
		{56B18EA2-2D9E-4CC8-9C86-5AB7A46ED73E}.Debug|x64.Build.0 = Debug|Any CPU
		{56B18EA2-2D9E-4CC8-9C86-5AB7A46ED73E}.Debug|x86.ActiveCfg = Debug|Any CPU
		{56B18EA2-2D9E-4CC8-9C86-5AB7A46ED73E}.Debug|x86.Build.0 = Debug|Any CPU
		{56B18EA2-2D9E-4CC8-9C86-5AB7A46ED73E}.Release|Any CPU.ActiveCfg = Release|Any CPU
		{56B18EA2-2D9E-4CC8-9C86-5AB7A46ED73E}.Release|Any CPU.Build.0 = Release|Any CPU
		{56B18EA2-2D9E-4CC8-9C86-5AB7A46ED73E}.Release|ARM.ActiveCfg = Release|Any CPU
		{56B18EA2-2D9E-4CC8-9C86-5AB7A46ED73E}.Release|ARM.Build.0 = Release|Any CPU
		{56B18EA2-2D9E-4CC8-9C86-5AB7A46ED73E}.Release|x64.ActiveCfg = Release|Any CPU
		{56B18EA2-2D9E-4CC8-9C86-5AB7A46ED73E}.Release|x64.Build.0 = Release|Any CPU
		{56B18EA2-2D9E-4CC8-9C86-5AB7A46ED73E}.Release|x86.ActiveCfg = Release|Any CPU
		{56B18EA2-2D9E-4CC8-9C86-5AB7A46ED73E}.Release|x86.Build.0 = Release|Any CPU
		{238A1D87-F4DC-452A-B470-36F0F15B6ED8}.Debug|Any CPU.ActiveCfg = Debug|Any CPU
		{238A1D87-F4DC-452A-B470-36F0F15B6ED8}.Debug|Any CPU.Build.0 = Debug|Any CPU
		{238A1D87-F4DC-452A-B470-36F0F15B6ED8}.Debug|ARM.ActiveCfg = Debug|Any CPU
		{238A1D87-F4DC-452A-B470-36F0F15B6ED8}.Debug|ARM.Build.0 = Debug|Any CPU
		{238A1D87-F4DC-452A-B470-36F0F15B6ED8}.Debug|x64.ActiveCfg = Debug|Any CPU
		{238A1D87-F4DC-452A-B470-36F0F15B6ED8}.Debug|x64.Build.0 = Debug|Any CPU
		{238A1D87-F4DC-452A-B470-36F0F15B6ED8}.Debug|x86.ActiveCfg = Debug|Any CPU
		{238A1D87-F4DC-452A-B470-36F0F15B6ED8}.Debug|x86.Build.0 = Debug|Any CPU
		{238A1D87-F4DC-452A-B470-36F0F15B6ED8}.Release|Any CPU.ActiveCfg = Release|Any CPU
		{238A1D87-F4DC-452A-B470-36F0F15B6ED8}.Release|Any CPU.Build.0 = Release|Any CPU
		{238A1D87-F4DC-452A-B470-36F0F15B6ED8}.Release|ARM.ActiveCfg = Release|Any CPU
		{238A1D87-F4DC-452A-B470-36F0F15B6ED8}.Release|ARM.Build.0 = Release|Any CPU
		{238A1D87-F4DC-452A-B470-36F0F15B6ED8}.Release|x64.ActiveCfg = Release|Any CPU
		{238A1D87-F4DC-452A-B470-36F0F15B6ED8}.Release|x64.Build.0 = Release|Any CPU
		{238A1D87-F4DC-452A-B470-36F0F15B6ED8}.Release|x86.ActiveCfg = Release|Any CPU
		{238A1D87-F4DC-452A-B470-36F0F15B6ED8}.Release|x86.Build.0 = Release|Any CPU
		{997C3923-EFFD-41CA-A05E-EDCEB2247ABB}.Debug|Any CPU.ActiveCfg = Debug|Any CPU
		{997C3923-EFFD-41CA-A05E-EDCEB2247ABB}.Debug|Any CPU.Build.0 = Debug|Any CPU
		{997C3923-EFFD-41CA-A05E-EDCEB2247ABB}.Debug|ARM.ActiveCfg = Debug|Any CPU
		{997C3923-EFFD-41CA-A05E-EDCEB2247ABB}.Debug|ARM.Build.0 = Debug|Any CPU
		{997C3923-EFFD-41CA-A05E-EDCEB2247ABB}.Debug|x64.ActiveCfg = Debug|Any CPU
		{997C3923-EFFD-41CA-A05E-EDCEB2247ABB}.Debug|x64.Build.0 = Debug|Any CPU
		{997C3923-EFFD-41CA-A05E-EDCEB2247ABB}.Debug|x86.ActiveCfg = Debug|Any CPU
		{997C3923-EFFD-41CA-A05E-EDCEB2247ABB}.Debug|x86.Build.0 = Debug|Any CPU
		{997C3923-EFFD-41CA-A05E-EDCEB2247ABB}.Release|Any CPU.ActiveCfg = Release|Any CPU
		{997C3923-EFFD-41CA-A05E-EDCEB2247ABB}.Release|Any CPU.Build.0 = Release|Any CPU
		{997C3923-EFFD-41CA-A05E-EDCEB2247ABB}.Release|ARM.ActiveCfg = Release|Any CPU
		{997C3923-EFFD-41CA-A05E-EDCEB2247ABB}.Release|ARM.Build.0 = Release|Any CPU
		{997C3923-EFFD-41CA-A05E-EDCEB2247ABB}.Release|x64.ActiveCfg = Release|Any CPU
		{997C3923-EFFD-41CA-A05E-EDCEB2247ABB}.Release|x64.Build.0 = Release|Any CPU
		{997C3923-EFFD-41CA-A05E-EDCEB2247ABB}.Release|x86.ActiveCfg = Release|Any CPU
		{997C3923-EFFD-41CA-A05E-EDCEB2247ABB}.Release|x86.Build.0 = Release|Any CPU
		{AA03C3BF-5852-48AB-BA7B-474B8AB8562E}.Debug|Any CPU.ActiveCfg = Debug|Any CPU
		{AA03C3BF-5852-48AB-BA7B-474B8AB8562E}.Debug|Any CPU.Build.0 = Debug|Any CPU
		{AA03C3BF-5852-48AB-BA7B-474B8AB8562E}.Debug|ARM.ActiveCfg = Debug|Any CPU
		{AA03C3BF-5852-48AB-BA7B-474B8AB8562E}.Debug|ARM.Build.0 = Debug|Any CPU
		{AA03C3BF-5852-48AB-BA7B-474B8AB8562E}.Debug|x64.ActiveCfg = Debug|Any CPU
		{AA03C3BF-5852-48AB-BA7B-474B8AB8562E}.Debug|x64.Build.0 = Debug|Any CPU
		{AA03C3BF-5852-48AB-BA7B-474B8AB8562E}.Debug|x86.ActiveCfg = Debug|Any CPU
		{AA03C3BF-5852-48AB-BA7B-474B8AB8562E}.Debug|x86.Build.0 = Debug|Any CPU
		{AA03C3BF-5852-48AB-BA7B-474B8AB8562E}.Release|Any CPU.ActiveCfg = Release|Any CPU
		{AA03C3BF-5852-48AB-BA7B-474B8AB8562E}.Release|Any CPU.Build.0 = Release|Any CPU
		{AA03C3BF-5852-48AB-BA7B-474B8AB8562E}.Release|ARM.ActiveCfg = Release|Any CPU
		{AA03C3BF-5852-48AB-BA7B-474B8AB8562E}.Release|ARM.Build.0 = Release|Any CPU
		{AA03C3BF-5852-48AB-BA7B-474B8AB8562E}.Release|x64.ActiveCfg = Release|Any CPU
		{AA03C3BF-5852-48AB-BA7B-474B8AB8562E}.Release|x64.Build.0 = Release|Any CPU
		{AA03C3BF-5852-48AB-BA7B-474B8AB8562E}.Release|x86.ActiveCfg = Release|Any CPU
		{AA03C3BF-5852-48AB-BA7B-474B8AB8562E}.Release|x86.Build.0 = Release|Any CPU
		{C3050B7D-67DA-422F-AFB8-4F06B6CF3C8C}.Debug|Any CPU.ActiveCfg = Debug|Any CPU
		{C3050B7D-67DA-422F-AFB8-4F06B6CF3C8C}.Debug|Any CPU.Build.0 = Debug|Any CPU
		{C3050B7D-67DA-422F-AFB8-4F06B6CF3C8C}.Debug|ARM.ActiveCfg = Debug|Any CPU
		{C3050B7D-67DA-422F-AFB8-4F06B6CF3C8C}.Debug|ARM.Build.0 = Debug|Any CPU
		{C3050B7D-67DA-422F-AFB8-4F06B6CF3C8C}.Debug|x64.ActiveCfg = Debug|Any CPU
		{C3050B7D-67DA-422F-AFB8-4F06B6CF3C8C}.Debug|x64.Build.0 = Debug|Any CPU
		{C3050B7D-67DA-422F-AFB8-4F06B6CF3C8C}.Debug|x86.ActiveCfg = Debug|Any CPU
		{C3050B7D-67DA-422F-AFB8-4F06B6CF3C8C}.Debug|x86.Build.0 = Debug|Any CPU
		{C3050B7D-67DA-422F-AFB8-4F06B6CF3C8C}.Release|Any CPU.ActiveCfg = Release|Any CPU
		{C3050B7D-67DA-422F-AFB8-4F06B6CF3C8C}.Release|Any CPU.Build.0 = Release|Any CPU
		{C3050B7D-67DA-422F-AFB8-4F06B6CF3C8C}.Release|ARM.ActiveCfg = Release|Any CPU
		{C3050B7D-67DA-422F-AFB8-4F06B6CF3C8C}.Release|ARM.Build.0 = Release|Any CPU
		{C3050B7D-67DA-422F-AFB8-4F06B6CF3C8C}.Release|x64.ActiveCfg = Release|Any CPU
		{C3050B7D-67DA-422F-AFB8-4F06B6CF3C8C}.Release|x64.Build.0 = Release|Any CPU
		{C3050B7D-67DA-422F-AFB8-4F06B6CF3C8C}.Release|x86.ActiveCfg = Release|Any CPU
		{C3050B7D-67DA-422F-AFB8-4F06B6CF3C8C}.Release|x86.Build.0 = Release|Any CPU
		{D81D2A50-7C22-421F-A018-2D790B2748A1}.Debug|Any CPU.ActiveCfg = Debug|Any CPU
		{D81D2A50-7C22-421F-A018-2D790B2748A1}.Debug|Any CPU.Build.0 = Debug|Any CPU
		{D81D2A50-7C22-421F-A018-2D790B2748A1}.Debug|ARM.ActiveCfg = Debug|Any CPU
		{D81D2A50-7C22-421F-A018-2D790B2748A1}.Debug|ARM.Build.0 = Debug|Any CPU
		{D81D2A50-7C22-421F-A018-2D790B2748A1}.Debug|x64.ActiveCfg = Debug|Any CPU
		{D81D2A50-7C22-421F-A018-2D790B2748A1}.Debug|x64.Build.0 = Debug|Any CPU
		{D81D2A50-7C22-421F-A018-2D790B2748A1}.Debug|x86.ActiveCfg = Debug|Any CPU
		{D81D2A50-7C22-421F-A018-2D790B2748A1}.Debug|x86.Build.0 = Debug|Any CPU
		{D81D2A50-7C22-421F-A018-2D790B2748A1}.Release|Any CPU.ActiveCfg = Release|Any CPU
		{D81D2A50-7C22-421F-A018-2D790B2748A1}.Release|Any CPU.Build.0 = Release|Any CPU
		{D81D2A50-7C22-421F-A018-2D790B2748A1}.Release|ARM.ActiveCfg = Release|Any CPU
		{D81D2A50-7C22-421F-A018-2D790B2748A1}.Release|ARM.Build.0 = Release|Any CPU
		{D81D2A50-7C22-421F-A018-2D790B2748A1}.Release|x64.ActiveCfg = Release|Any CPU
		{D81D2A50-7C22-421F-A018-2D790B2748A1}.Release|x64.Build.0 = Release|Any CPU
		{D81D2A50-7C22-421F-A018-2D790B2748A1}.Release|x86.ActiveCfg = Release|Any CPU
		{D81D2A50-7C22-421F-A018-2D790B2748A1}.Release|x86.Build.0 = Release|Any CPU
		{63853429-7446-4CA0-88F8-F38C106F8105}.Debug|Any CPU.ActiveCfg = Debug|Any CPU
		{63853429-7446-4CA0-88F8-F38C106F8105}.Debug|Any CPU.Build.0 = Debug|Any CPU
		{63853429-7446-4CA0-88F8-F38C106F8105}.Debug|ARM.ActiveCfg = Debug|Any CPU
		{63853429-7446-4CA0-88F8-F38C106F8105}.Debug|ARM.Build.0 = Debug|Any CPU
		{63853429-7446-4CA0-88F8-F38C106F8105}.Debug|x64.ActiveCfg = Debug|Any CPU
		{63853429-7446-4CA0-88F8-F38C106F8105}.Debug|x64.Build.0 = Debug|Any CPU
		{63853429-7446-4CA0-88F8-F38C106F8105}.Debug|x86.ActiveCfg = Debug|Any CPU
		{63853429-7446-4CA0-88F8-F38C106F8105}.Debug|x86.Build.0 = Debug|Any CPU
		{63853429-7446-4CA0-88F8-F38C106F8105}.Release|Any CPU.ActiveCfg = Release|Any CPU
		{63853429-7446-4CA0-88F8-F38C106F8105}.Release|Any CPU.Build.0 = Release|Any CPU
		{63853429-7446-4CA0-88F8-F38C106F8105}.Release|ARM.ActiveCfg = Release|Any CPU
		{63853429-7446-4CA0-88F8-F38C106F8105}.Release|ARM.Build.0 = Release|Any CPU
		{63853429-7446-4CA0-88F8-F38C106F8105}.Release|x64.ActiveCfg = Release|Any CPU
		{63853429-7446-4CA0-88F8-F38C106F8105}.Release|x64.Build.0 = Release|Any CPU
		{63853429-7446-4CA0-88F8-F38C106F8105}.Release|x86.ActiveCfg = Release|Any CPU
		{63853429-7446-4CA0-88F8-F38C106F8105}.Release|x86.Build.0 = Release|Any CPU
		{A86F1828-EEA1-4BDB-A471-1B7B5E69FF44}.Debug|Any CPU.ActiveCfg = Debug|Any CPU
		{A86F1828-EEA1-4BDB-A471-1B7B5E69FF44}.Debug|Any CPU.Build.0 = Debug|Any CPU
		{A86F1828-EEA1-4BDB-A471-1B7B5E69FF44}.Debug|ARM.ActiveCfg = Debug|Any CPU
		{A86F1828-EEA1-4BDB-A471-1B7B5E69FF44}.Debug|ARM.Build.0 = Debug|Any CPU
		{A86F1828-EEA1-4BDB-A471-1B7B5E69FF44}.Debug|x64.ActiveCfg = Debug|Any CPU
		{A86F1828-EEA1-4BDB-A471-1B7B5E69FF44}.Debug|x64.Build.0 = Debug|Any CPU
		{A86F1828-EEA1-4BDB-A471-1B7B5E69FF44}.Debug|x86.ActiveCfg = Debug|Any CPU
		{A86F1828-EEA1-4BDB-A471-1B7B5E69FF44}.Debug|x86.Build.0 = Debug|Any CPU
		{A86F1828-EEA1-4BDB-A471-1B7B5E69FF44}.Release|Any CPU.ActiveCfg = Release|Any CPU
		{A86F1828-EEA1-4BDB-A471-1B7B5E69FF44}.Release|Any CPU.Build.0 = Release|Any CPU
		{A86F1828-EEA1-4BDB-A471-1B7B5E69FF44}.Release|ARM.ActiveCfg = Release|Any CPU
		{A86F1828-EEA1-4BDB-A471-1B7B5E69FF44}.Release|ARM.Build.0 = Release|Any CPU
		{A86F1828-EEA1-4BDB-A471-1B7B5E69FF44}.Release|x64.ActiveCfg = Release|Any CPU
		{A86F1828-EEA1-4BDB-A471-1B7B5E69FF44}.Release|x64.Build.0 = Release|Any CPU
		{A86F1828-EEA1-4BDB-A471-1B7B5E69FF44}.Release|x86.ActiveCfg = Release|Any CPU
		{A86F1828-EEA1-4BDB-A471-1B7B5E69FF44}.Release|x86.Build.0 = Release|Any CPU
		{18FF511C-593C-42FC-8981-DF082E6BC2B8}.Debug|Any CPU.ActiveCfg = Debug|Any CPU
		{18FF511C-593C-42FC-8981-DF082E6BC2B8}.Debug|Any CPU.Build.0 = Debug|Any CPU
		{18FF511C-593C-42FC-8981-DF082E6BC2B8}.Debug|ARM.ActiveCfg = Debug|Any CPU
		{18FF511C-593C-42FC-8981-DF082E6BC2B8}.Debug|ARM.Build.0 = Debug|Any CPU
		{18FF511C-593C-42FC-8981-DF082E6BC2B8}.Debug|x64.ActiveCfg = Debug|Any CPU
		{18FF511C-593C-42FC-8981-DF082E6BC2B8}.Debug|x64.Build.0 = Debug|Any CPU
		{18FF511C-593C-42FC-8981-DF082E6BC2B8}.Debug|x86.ActiveCfg = Debug|Any CPU
		{18FF511C-593C-42FC-8981-DF082E6BC2B8}.Debug|x86.Build.0 = Debug|Any CPU
		{18FF511C-593C-42FC-8981-DF082E6BC2B8}.Release|Any CPU.ActiveCfg = Release|Any CPU
		{18FF511C-593C-42FC-8981-DF082E6BC2B8}.Release|Any CPU.Build.0 = Release|Any CPU
		{18FF511C-593C-42FC-8981-DF082E6BC2B8}.Release|ARM.ActiveCfg = Release|Any CPU
		{18FF511C-593C-42FC-8981-DF082E6BC2B8}.Release|ARM.Build.0 = Release|Any CPU
		{18FF511C-593C-42FC-8981-DF082E6BC2B8}.Release|x64.ActiveCfg = Release|Any CPU
		{18FF511C-593C-42FC-8981-DF082E6BC2B8}.Release|x64.Build.0 = Release|Any CPU
		{18FF511C-593C-42FC-8981-DF082E6BC2B8}.Release|x86.ActiveCfg = Release|Any CPU
		{18FF511C-593C-42FC-8981-DF082E6BC2B8}.Release|x86.Build.0 = Release|Any CPU
		{93D3B33A-AFF1-443B-A971-FB292795A443}.Debug|Any CPU.ActiveCfg = Debug|Any CPU
		{93D3B33A-AFF1-443B-A971-FB292795A443}.Debug|Any CPU.Build.0 = Debug|Any CPU
		{93D3B33A-AFF1-443B-A971-FB292795A443}.Debug|ARM.ActiveCfg = Debug|Any CPU
		{93D3B33A-AFF1-443B-A971-FB292795A443}.Debug|ARM.Build.0 = Debug|Any CPU
		{93D3B33A-AFF1-443B-A971-FB292795A443}.Debug|x64.ActiveCfg = Debug|Any CPU
		{93D3B33A-AFF1-443B-A971-FB292795A443}.Debug|x64.Build.0 = Debug|Any CPU
		{93D3B33A-AFF1-443B-A971-FB292795A443}.Debug|x86.ActiveCfg = Debug|Any CPU
		{93D3B33A-AFF1-443B-A971-FB292795A443}.Debug|x86.Build.0 = Debug|Any CPU
		{93D3B33A-AFF1-443B-A971-FB292795A443}.Release|Any CPU.ActiveCfg = Release|Any CPU
		{93D3B33A-AFF1-443B-A971-FB292795A443}.Release|Any CPU.Build.0 = Release|Any CPU
		{93D3B33A-AFF1-443B-A971-FB292795A443}.Release|ARM.ActiveCfg = Release|Any CPU
		{93D3B33A-AFF1-443B-A971-FB292795A443}.Release|ARM.Build.0 = Release|Any CPU
		{93D3B33A-AFF1-443B-A971-FB292795A443}.Release|x64.ActiveCfg = Release|Any CPU
		{93D3B33A-AFF1-443B-A971-FB292795A443}.Release|x64.Build.0 = Release|Any CPU
		{93D3B33A-AFF1-443B-A971-FB292795A443}.Release|x86.ActiveCfg = Release|Any CPU
		{93D3B33A-AFF1-443B-A971-FB292795A443}.Release|x86.Build.0 = Release|Any CPU
		{8C014A66-5C92-4C6B-9328-D182839BDC2D}.Debug|Any CPU.ActiveCfg = Debug|Any CPU
		{8C014A66-5C92-4C6B-9328-D182839BDC2D}.Debug|Any CPU.Build.0 = Debug|Any CPU
		{8C014A66-5C92-4C6B-9328-D182839BDC2D}.Debug|ARM.ActiveCfg = Debug|Any CPU
		{8C014A66-5C92-4C6B-9328-D182839BDC2D}.Debug|ARM.Build.0 = Debug|Any CPU
		{8C014A66-5C92-4C6B-9328-D182839BDC2D}.Debug|x64.ActiveCfg = Debug|Any CPU
		{8C014A66-5C92-4C6B-9328-D182839BDC2D}.Debug|x64.Build.0 = Debug|Any CPU
		{8C014A66-5C92-4C6B-9328-D182839BDC2D}.Debug|x86.ActiveCfg = Debug|Any CPU
		{8C014A66-5C92-4C6B-9328-D182839BDC2D}.Debug|x86.Build.0 = Debug|Any CPU
		{8C014A66-5C92-4C6B-9328-D182839BDC2D}.Release|Any CPU.ActiveCfg = Release|Any CPU
		{8C014A66-5C92-4C6B-9328-D182839BDC2D}.Release|Any CPU.Build.0 = Release|Any CPU
		{8C014A66-5C92-4C6B-9328-D182839BDC2D}.Release|ARM.ActiveCfg = Release|Any CPU
		{8C014A66-5C92-4C6B-9328-D182839BDC2D}.Release|ARM.Build.0 = Release|Any CPU
		{8C014A66-5C92-4C6B-9328-D182839BDC2D}.Release|x64.ActiveCfg = Release|Any CPU
		{8C014A66-5C92-4C6B-9328-D182839BDC2D}.Release|x64.Build.0 = Release|Any CPU
		{8C014A66-5C92-4C6B-9328-D182839BDC2D}.Release|x86.ActiveCfg = Release|Any CPU
		{8C014A66-5C92-4C6B-9328-D182839BDC2D}.Release|x86.Build.0 = Release|Any CPU
		{5EB29532-F1A9-4211-AB51-78E31E9C4AD1}.Debug|Any CPU.ActiveCfg = Debug|Any CPU
		{5EB29532-F1A9-4211-AB51-78E31E9C4AD1}.Debug|Any CPU.Build.0 = Debug|Any CPU
		{5EB29532-F1A9-4211-AB51-78E31E9C4AD1}.Debug|ARM.ActiveCfg = Debug|Any CPU
		{5EB29532-F1A9-4211-AB51-78E31E9C4AD1}.Debug|ARM.Build.0 = Debug|Any CPU
		{5EB29532-F1A9-4211-AB51-78E31E9C4AD1}.Debug|x64.ActiveCfg = Debug|Any CPU
		{5EB29532-F1A9-4211-AB51-78E31E9C4AD1}.Debug|x64.Build.0 = Debug|Any CPU
		{5EB29532-F1A9-4211-AB51-78E31E9C4AD1}.Debug|x86.ActiveCfg = Debug|Any CPU
		{5EB29532-F1A9-4211-AB51-78E31E9C4AD1}.Debug|x86.Build.0 = Debug|Any CPU
		{5EB29532-F1A9-4211-AB51-78E31E9C4AD1}.Release|Any CPU.ActiveCfg = Release|Any CPU
		{5EB29532-F1A9-4211-AB51-78E31E9C4AD1}.Release|Any CPU.Build.0 = Release|Any CPU
		{5EB29532-F1A9-4211-AB51-78E31E9C4AD1}.Release|ARM.ActiveCfg = Release|Any CPU
		{5EB29532-F1A9-4211-AB51-78E31E9C4AD1}.Release|ARM.Build.0 = Release|Any CPU
		{5EB29532-F1A9-4211-AB51-78E31E9C4AD1}.Release|x64.ActiveCfg = Release|Any CPU
		{5EB29532-F1A9-4211-AB51-78E31E9C4AD1}.Release|x64.Build.0 = Release|Any CPU
		{5EB29532-F1A9-4211-AB51-78E31E9C4AD1}.Release|x86.ActiveCfg = Release|Any CPU
		{5EB29532-F1A9-4211-AB51-78E31E9C4AD1}.Release|x86.Build.0 = Release|Any CPU
		{9C9AEFE9-B8A0-4268-B5DF-9B6F2C4B68EB}.Debug|Any CPU.ActiveCfg = Debug|Any CPU
		{9C9AEFE9-B8A0-4268-B5DF-9B6F2C4B68EB}.Debug|Any CPU.Build.0 = Debug|Any CPU
		{9C9AEFE9-B8A0-4268-B5DF-9B6F2C4B68EB}.Debug|ARM.ActiveCfg = Debug|Any CPU
		{9C9AEFE9-B8A0-4268-B5DF-9B6F2C4B68EB}.Debug|ARM.Build.0 = Debug|Any CPU
		{9C9AEFE9-B8A0-4268-B5DF-9B6F2C4B68EB}.Debug|x64.ActiveCfg = Debug|Any CPU
		{9C9AEFE9-B8A0-4268-B5DF-9B6F2C4B68EB}.Debug|x64.Build.0 = Debug|Any CPU
		{9C9AEFE9-B8A0-4268-B5DF-9B6F2C4B68EB}.Debug|x86.ActiveCfg = Debug|Any CPU
		{9C9AEFE9-B8A0-4268-B5DF-9B6F2C4B68EB}.Debug|x86.Build.0 = Debug|Any CPU
		{9C9AEFE9-B8A0-4268-B5DF-9B6F2C4B68EB}.Release|Any CPU.ActiveCfg = Release|Any CPU
		{9C9AEFE9-B8A0-4268-B5DF-9B6F2C4B68EB}.Release|Any CPU.Build.0 = Release|Any CPU
		{9C9AEFE9-B8A0-4268-B5DF-9B6F2C4B68EB}.Release|ARM.ActiveCfg = Release|Any CPU
		{9C9AEFE9-B8A0-4268-B5DF-9B6F2C4B68EB}.Release|ARM.Build.0 = Release|Any CPU
		{9C9AEFE9-B8A0-4268-B5DF-9B6F2C4B68EB}.Release|x64.ActiveCfg = Release|Any CPU
		{9C9AEFE9-B8A0-4268-B5DF-9B6F2C4B68EB}.Release|x64.Build.0 = Release|Any CPU
		{9C9AEFE9-B8A0-4268-B5DF-9B6F2C4B68EB}.Release|x86.ActiveCfg = Release|Any CPU
		{9C9AEFE9-B8A0-4268-B5DF-9B6F2C4B68EB}.Release|x86.Build.0 = Release|Any CPU
		{B62AFBB3-8F13-4432-A9E7-A4F3E109E134}.Debug|Any CPU.ActiveCfg = Debug|Any CPU
		{B62AFBB3-8F13-4432-A9E7-A4F3E109E134}.Debug|Any CPU.Build.0 = Debug|Any CPU
		{B62AFBB3-8F13-4432-A9E7-A4F3E109E134}.Debug|ARM.ActiveCfg = Debug|Any CPU
		{B62AFBB3-8F13-4432-A9E7-A4F3E109E134}.Debug|ARM.Build.0 = Debug|Any CPU
		{B62AFBB3-8F13-4432-A9E7-A4F3E109E134}.Debug|x64.ActiveCfg = Debug|Any CPU
		{B62AFBB3-8F13-4432-A9E7-A4F3E109E134}.Debug|x64.Build.0 = Debug|Any CPU
		{B62AFBB3-8F13-4432-A9E7-A4F3E109E134}.Debug|x86.ActiveCfg = Debug|Any CPU
		{B62AFBB3-8F13-4432-A9E7-A4F3E109E134}.Debug|x86.Build.0 = Debug|Any CPU
		{B62AFBB3-8F13-4432-A9E7-A4F3E109E134}.Release|Any CPU.ActiveCfg = Release|Any CPU
		{B62AFBB3-8F13-4432-A9E7-A4F3E109E134}.Release|Any CPU.Build.0 = Release|Any CPU
		{B62AFBB3-8F13-4432-A9E7-A4F3E109E134}.Release|ARM.ActiveCfg = Release|Any CPU
		{B62AFBB3-8F13-4432-A9E7-A4F3E109E134}.Release|ARM.Build.0 = Release|Any CPU
		{B62AFBB3-8F13-4432-A9E7-A4F3E109E134}.Release|x64.ActiveCfg = Release|Any CPU
		{B62AFBB3-8F13-4432-A9E7-A4F3E109E134}.Release|x64.Build.0 = Release|Any CPU
		{B62AFBB3-8F13-4432-A9E7-A4F3E109E134}.Release|x86.ActiveCfg = Release|Any CPU
		{B62AFBB3-8F13-4432-A9E7-A4F3E109E134}.Release|x86.Build.0 = Release|Any CPU
		{CF5DBB1D-8D0B-4AE2-AD27-3DA8342F6CD3}.Debug|Any CPU.ActiveCfg = Debug|Any CPU
		{CF5DBB1D-8D0B-4AE2-AD27-3DA8342F6CD3}.Debug|Any CPU.Build.0 = Debug|Any CPU
		{CF5DBB1D-8D0B-4AE2-AD27-3DA8342F6CD3}.Debug|ARM.ActiveCfg = Debug|Any CPU
		{CF5DBB1D-8D0B-4AE2-AD27-3DA8342F6CD3}.Debug|ARM.Build.0 = Debug|Any CPU
		{CF5DBB1D-8D0B-4AE2-AD27-3DA8342F6CD3}.Debug|x64.ActiveCfg = Debug|Any CPU
		{CF5DBB1D-8D0B-4AE2-AD27-3DA8342F6CD3}.Debug|x64.Build.0 = Debug|Any CPU
		{CF5DBB1D-8D0B-4AE2-AD27-3DA8342F6CD3}.Debug|x86.ActiveCfg = Debug|Any CPU
		{CF5DBB1D-8D0B-4AE2-AD27-3DA8342F6CD3}.Debug|x86.Build.0 = Debug|Any CPU
		{CF5DBB1D-8D0B-4AE2-AD27-3DA8342F6CD3}.Release|Any CPU.ActiveCfg = Release|Any CPU
		{CF5DBB1D-8D0B-4AE2-AD27-3DA8342F6CD3}.Release|Any CPU.Build.0 = Release|Any CPU
		{CF5DBB1D-8D0B-4AE2-AD27-3DA8342F6CD3}.Release|ARM.ActiveCfg = Release|Any CPU
		{CF5DBB1D-8D0B-4AE2-AD27-3DA8342F6CD3}.Release|ARM.Build.0 = Release|Any CPU
		{CF5DBB1D-8D0B-4AE2-AD27-3DA8342F6CD3}.Release|x64.ActiveCfg = Release|Any CPU
		{CF5DBB1D-8D0B-4AE2-AD27-3DA8342F6CD3}.Release|x64.Build.0 = Release|Any CPU
		{CF5DBB1D-8D0B-4AE2-AD27-3DA8342F6CD3}.Release|x86.ActiveCfg = Release|Any CPU
		{CF5DBB1D-8D0B-4AE2-AD27-3DA8342F6CD3}.Release|x86.Build.0 = Release|Any CPU
		{13524E00-C4E0-4A88-AE42-80E50B9FAF4D}.Debug|Any CPU.ActiveCfg = Debug|Any CPU
		{13524E00-C4E0-4A88-AE42-80E50B9FAF4D}.Debug|Any CPU.Build.0 = Debug|Any CPU
		{13524E00-C4E0-4A88-AE42-80E50B9FAF4D}.Debug|ARM.ActiveCfg = Debug|Any CPU
		{13524E00-C4E0-4A88-AE42-80E50B9FAF4D}.Debug|ARM.Build.0 = Debug|Any CPU
		{13524E00-C4E0-4A88-AE42-80E50B9FAF4D}.Debug|x64.ActiveCfg = Debug|Any CPU
		{13524E00-C4E0-4A88-AE42-80E50B9FAF4D}.Debug|x64.Build.0 = Debug|Any CPU
		{13524E00-C4E0-4A88-AE42-80E50B9FAF4D}.Debug|x86.ActiveCfg = Debug|Any CPU
		{13524E00-C4E0-4A88-AE42-80E50B9FAF4D}.Debug|x86.Build.0 = Debug|Any CPU
		{13524E00-C4E0-4A88-AE42-80E50B9FAF4D}.Release|Any CPU.ActiveCfg = Release|Any CPU
		{13524E00-C4E0-4A88-AE42-80E50B9FAF4D}.Release|Any CPU.Build.0 = Release|Any CPU
		{13524E00-C4E0-4A88-AE42-80E50B9FAF4D}.Release|ARM.ActiveCfg = Release|Any CPU
		{13524E00-C4E0-4A88-AE42-80E50B9FAF4D}.Release|ARM.Build.0 = Release|Any CPU
		{13524E00-C4E0-4A88-AE42-80E50B9FAF4D}.Release|x64.ActiveCfg = Release|Any CPU
		{13524E00-C4E0-4A88-AE42-80E50B9FAF4D}.Release|x64.Build.0 = Release|Any CPU
		{13524E00-C4E0-4A88-AE42-80E50B9FAF4D}.Release|x86.ActiveCfg = Release|Any CPU
		{13524E00-C4E0-4A88-AE42-80E50B9FAF4D}.Release|x86.Build.0 = Release|Any CPU
		{2969FBA1-4F32-48DA-883C-22B2E337C30F}.Debug|Any CPU.ActiveCfg = Debug|Any CPU
		{2969FBA1-4F32-48DA-883C-22B2E337C30F}.Debug|Any CPU.Build.0 = Debug|Any CPU
		{2969FBA1-4F32-48DA-883C-22B2E337C30F}.Debug|ARM.ActiveCfg = Debug|Any CPU
		{2969FBA1-4F32-48DA-883C-22B2E337C30F}.Debug|ARM.Build.0 = Debug|Any CPU
		{2969FBA1-4F32-48DA-883C-22B2E337C30F}.Debug|x64.ActiveCfg = Debug|Any CPU
		{2969FBA1-4F32-48DA-883C-22B2E337C30F}.Debug|x64.Build.0 = Debug|Any CPU
		{2969FBA1-4F32-48DA-883C-22B2E337C30F}.Debug|x86.ActiveCfg = Debug|Any CPU
		{2969FBA1-4F32-48DA-883C-22B2E337C30F}.Debug|x86.Build.0 = Debug|Any CPU
		{2969FBA1-4F32-48DA-883C-22B2E337C30F}.Release|Any CPU.ActiveCfg = Release|Any CPU
		{2969FBA1-4F32-48DA-883C-22B2E337C30F}.Release|Any CPU.Build.0 = Release|Any CPU
		{2969FBA1-4F32-48DA-883C-22B2E337C30F}.Release|ARM.ActiveCfg = Release|Any CPU
		{2969FBA1-4F32-48DA-883C-22B2E337C30F}.Release|ARM.Build.0 = Release|Any CPU
		{2969FBA1-4F32-48DA-883C-22B2E337C30F}.Release|x64.ActiveCfg = Release|Any CPU
		{2969FBA1-4F32-48DA-883C-22B2E337C30F}.Release|x64.Build.0 = Release|Any CPU
		{2969FBA1-4F32-48DA-883C-22B2E337C30F}.Release|x86.ActiveCfg = Release|Any CPU
		{2969FBA1-4F32-48DA-883C-22B2E337C30F}.Release|x86.Build.0 = Release|Any CPU
		{936CC7B7-4B6F-4A68-B9A0-DD91A51C3DCA}.Debug|Any CPU.ActiveCfg = Debug|Any CPU
		{936CC7B7-4B6F-4A68-B9A0-DD91A51C3DCA}.Debug|Any CPU.Build.0 = Debug|Any CPU
		{936CC7B7-4B6F-4A68-B9A0-DD91A51C3DCA}.Debug|ARM.ActiveCfg = Debug|Any CPU
		{936CC7B7-4B6F-4A68-B9A0-DD91A51C3DCA}.Debug|ARM.Build.0 = Debug|Any CPU
		{936CC7B7-4B6F-4A68-B9A0-DD91A51C3DCA}.Debug|x64.ActiveCfg = Debug|Any CPU
		{936CC7B7-4B6F-4A68-B9A0-DD91A51C3DCA}.Debug|x64.Build.0 = Debug|Any CPU
		{936CC7B7-4B6F-4A68-B9A0-DD91A51C3DCA}.Debug|x86.ActiveCfg = Debug|Any CPU
		{936CC7B7-4B6F-4A68-B9A0-DD91A51C3DCA}.Debug|x86.Build.0 = Debug|Any CPU
		{936CC7B7-4B6F-4A68-B9A0-DD91A51C3DCA}.Release|Any CPU.ActiveCfg = Release|Any CPU
		{936CC7B7-4B6F-4A68-B9A0-DD91A51C3DCA}.Release|Any CPU.Build.0 = Release|Any CPU
		{936CC7B7-4B6F-4A68-B9A0-DD91A51C3DCA}.Release|ARM.ActiveCfg = Release|Any CPU
		{936CC7B7-4B6F-4A68-B9A0-DD91A51C3DCA}.Release|ARM.Build.0 = Release|Any CPU
		{936CC7B7-4B6F-4A68-B9A0-DD91A51C3DCA}.Release|x64.ActiveCfg = Release|Any CPU
		{936CC7B7-4B6F-4A68-B9A0-DD91A51C3DCA}.Release|x64.Build.0 = Release|Any CPU
		{936CC7B7-4B6F-4A68-B9A0-DD91A51C3DCA}.Release|x86.ActiveCfg = Release|Any CPU
		{936CC7B7-4B6F-4A68-B9A0-DD91A51C3DCA}.Release|x86.Build.0 = Release|Any CPU
		{71B7ACF9-355E-4C46-AF06-F60CAAB004CD}.Debug|Any CPU.ActiveCfg = Debug|Any CPU
		{71B7ACF9-355E-4C46-AF06-F60CAAB004CD}.Debug|Any CPU.Build.0 = Debug|Any CPU
		{71B7ACF9-355E-4C46-AF06-F60CAAB004CD}.Debug|ARM.ActiveCfg = Debug|Any CPU
		{71B7ACF9-355E-4C46-AF06-F60CAAB004CD}.Debug|ARM.Build.0 = Debug|Any CPU
		{71B7ACF9-355E-4C46-AF06-F60CAAB004CD}.Debug|x64.ActiveCfg = Debug|Any CPU
		{71B7ACF9-355E-4C46-AF06-F60CAAB004CD}.Debug|x64.Build.0 = Debug|Any CPU
		{71B7ACF9-355E-4C46-AF06-F60CAAB004CD}.Debug|x86.ActiveCfg = Debug|Any CPU
		{71B7ACF9-355E-4C46-AF06-F60CAAB004CD}.Debug|x86.Build.0 = Debug|Any CPU
		{71B7ACF9-355E-4C46-AF06-F60CAAB004CD}.Release|Any CPU.ActiveCfg = Release|Any CPU
		{71B7ACF9-355E-4C46-AF06-F60CAAB004CD}.Release|Any CPU.Build.0 = Release|Any CPU
		{71B7ACF9-355E-4C46-AF06-F60CAAB004CD}.Release|ARM.ActiveCfg = Release|Any CPU
		{71B7ACF9-355E-4C46-AF06-F60CAAB004CD}.Release|ARM.Build.0 = Release|Any CPU
		{71B7ACF9-355E-4C46-AF06-F60CAAB004CD}.Release|x64.ActiveCfg = Release|Any CPU
		{71B7ACF9-355E-4C46-AF06-F60CAAB004CD}.Release|x64.Build.0 = Release|Any CPU
		{71B7ACF9-355E-4C46-AF06-F60CAAB004CD}.Release|x86.ActiveCfg = Release|Any CPU
		{71B7ACF9-355E-4C46-AF06-F60CAAB004CD}.Release|x86.Build.0 = Release|Any CPU
		{8D37CA24-A1B2-4AA9-BAF9-5172827EE565}.Debug|Any CPU.ActiveCfg = Debug|Any CPU
		{8D37CA24-A1B2-4AA9-BAF9-5172827EE565}.Debug|Any CPU.Build.0 = Debug|Any CPU
		{8D37CA24-A1B2-4AA9-BAF9-5172827EE565}.Debug|ARM.ActiveCfg = Debug|Any CPU
		{8D37CA24-A1B2-4AA9-BAF9-5172827EE565}.Debug|ARM.Build.0 = Debug|Any CPU
		{8D37CA24-A1B2-4AA9-BAF9-5172827EE565}.Debug|x64.ActiveCfg = Debug|Any CPU
		{8D37CA24-A1B2-4AA9-BAF9-5172827EE565}.Debug|x64.Build.0 = Debug|Any CPU
		{8D37CA24-A1B2-4AA9-BAF9-5172827EE565}.Debug|x86.ActiveCfg = Debug|Any CPU
		{8D37CA24-A1B2-4AA9-BAF9-5172827EE565}.Debug|x86.Build.0 = Debug|Any CPU
		{8D37CA24-A1B2-4AA9-BAF9-5172827EE565}.Release|Any CPU.ActiveCfg = Release|Any CPU
		{8D37CA24-A1B2-4AA9-BAF9-5172827EE565}.Release|Any CPU.Build.0 = Release|Any CPU
		{8D37CA24-A1B2-4AA9-BAF9-5172827EE565}.Release|ARM.ActiveCfg = Release|Any CPU
		{8D37CA24-A1B2-4AA9-BAF9-5172827EE565}.Release|ARM.Build.0 = Release|Any CPU
		{8D37CA24-A1B2-4AA9-BAF9-5172827EE565}.Release|x64.ActiveCfg = Release|Any CPU
		{8D37CA24-A1B2-4AA9-BAF9-5172827EE565}.Release|x64.Build.0 = Release|Any CPU
		{8D37CA24-A1B2-4AA9-BAF9-5172827EE565}.Release|x86.ActiveCfg = Release|Any CPU
		{8D37CA24-A1B2-4AA9-BAF9-5172827EE565}.Release|x86.Build.0 = Release|Any CPU
	EndGlobalSection
	GlobalSection(SolutionProperties) = preSolution
		HideSolutionNode = FALSE
	EndGlobalSection
EndGlobal
